
Microsoft Visual Studio Solution File, Format Version 12.00
# Visual Studio 15
VisualStudioVersion = 15.0.27703.2018
MinimumVisualStudioVersion = 10.0.40219.1
Project("{FAE04EC0-301F-11D3-BF4B-00C04F79EFBC}") = "forces", "forces\forces.csproj", "{8E03BCF4-113E-416C-B22E-92AF85C9AB76}"
EndProject
Global
	GlobalSection(SolutionConfigurationPlatforms) = preSolution
		Debug|Any CPU = Debug|Any CPU
		Release|Any CPU = Release|Any CPU
	EndGlobalSection
	GlobalSection(ProjectConfigurationPlatforms) = postSolution
		{8E03BCF4-113E-416C-B22E-92AF85C9AB76}.Debug|Any CPU.ActiveCfg = Debug|Any CPU
		{8E03BCF4-113E-416C-B22E-92AF85C9AB76}.Debug|Any CPU.Build.0 = Debug|Any CPU
		{8E03BCF4-113E-416C-B22E-92AF85C9AB76}.Release|Any CPU.ActiveCfg = Release|Any CPU
		{8E03BCF4-113E-416C-B22E-92AF85C9AB76}.Release|Any CPU.Build.0 = Release|Any CPU
	EndGlobalSection
	GlobalSection(SolutionProperties) = preSolution
		HideSolutionNode = FALSE
	EndGlobalSection
	GlobalSection(ExtensibilityGlobals) = postSolution
		SolutionGuid = {FE1549B2-767F-4DCD-A21F-E3673B28AB29}
	EndGlobalSection
EndGlobal
